
Microsoft Visual Studio Solution File, Format Version 12.00
# Visual Studio Version 17
VisualStudioVersion = 17.4.33122.133
MinimumVisualStudioVersion = 10.0.40219.1
Project("{FAE04EC0-301F-11D3-BF4B-00C04F79EFBC}") = "Intern_WebSixdo", "Intern_WebSixdo.csproj", "{BC989CDA-E9CB-4FBE-9EA4-971FE73ECA73}"
EndProject
Global
	GlobalSection(SolutionConfigurationPlatforms) = preSolution
		Debug|Any CPU = Debug|Any CPU
		Release|Any CPU = Release|Any CPU
	EndGlobalSection
	GlobalSection(ProjectConfigurationPlatforms) = postSolution
		{BC989CDA-E9CB-4FBE-9EA4-971FE73ECA73}.Debug|Any CPU.ActiveCfg = Debug|Any CPU
		{BC989CDA-E9CB-4FBE-9EA4-971FE73ECA73}.Debug|Any CPU.Build.0 = Debug|Any CPU
		{BC989CDA-E9CB-4FBE-9EA4-971FE73ECA73}.Release|Any CPU.ActiveCfg = Release|Any CPU
		{BC989CDA-E9CB-4FBE-9EA4-971FE73ECA73}.Release|Any CPU.Build.0 = Release|Any CPU
	EndGlobalSection
	GlobalSection(SolutionProperties) = preSolution
		HideSolutionNode = FALSE
	EndGlobalSection
	GlobalSection(ExtensibilityGlobals) = postSolution
		SolutionGuid = {ECC8F57D-415E-4F05-853C-AF042344ED54}
	EndGlobalSection
EndGlobal
